{
  "version": 4,
  "terraform_version": "1.14.3",
  "serial": 47,
  "lineage": "cdcc41ce-0e89-a040-2bb1-027e9bfbf1ce",
  "outputs": {},
  "resources": [
    {
      "mode": "managed",
      "type": "azurerm_virtual_network_peering",
      "name": "hq_to_monaco",
      "provider": "provider[\"registry.terraform.io/hashicorp/azurerm\"]",
      "instances": [
        {
          "schema_version": 0,
          "attributes": {
            "allow_forwarded_traffic": false,
            "allow_gateway_transit": false,
            "allow_virtual_network_access": true,
            "id": "/subscriptions/81d87c4b-9aa7-4db6-973a-0bb7c348f163/resourceGroups/F1-HQ-Main-RG/providers/Microsoft.Network/virtualNetworks/F1-HQ-Main-RG-VNet/virtualNetworkPeerings/HQ-to-Monaco-Peering",
            "local_subnet_names": [],
            "name": "HQ-to-Monaco-Peering",
            "only_ipv6_peering_enabled": false,
            "peer_complete_virtual_networks_enabled": true,
            "remote_subnet_names": [],
            "remote_virtual_network_id": "/subscriptions/81d87c4b-9aa7-4db6-973a-0bb7c348f163/resourceGroups/F1-Monaco-Track-RG/providers/Microsoft.Network/virtualNetworks/F1-Monaco-Track-RG-VNet",
            "resource_group_name": "F1-HQ-Main-RG",
            "timeouts": null,
            "triggers": null,
            "use_remote_gateways": false,
            "virtual_network_name": "F1-HQ-Main-RG-VNet"
          },
          "sensitive_attributes": [],
          "identity_schema_version": 0,
          "private": "eyJlMmJmYjczMC1lY2FhLTExZTYtOGY4OC0zNDM2M2JjN2M0YzAiOnsiY3JlYXRlIjoxODAwMDAwMDAwMDAwLCJkZWxldGUiOjE4MDAwMDAwMDAwMDAsInJlYWQiOjMwMDAwMDAwMDAwMCwidXBkYXRlIjoxODAwMDAwMDAwMDAwfX0=",
          "dependencies": [
            "module.hq_network.azurerm_resource_group.f1_rg",
            "module.hq_network.azurerm_virtual_network.f1_vnet",
            "module.monaco_network.azurerm_resource_group.f1_rg",
            "module.monaco_network.azurerm_virtual_network.f1_vnet"
          ]
        }
      ]
    },
    {
      "mode": "managed",
      "type": "azurerm_virtual_network_peering",
      "name": "hq_to_silverstone",
      "provider": "provider[\"registry.terraform.io/hashicorp/azurerm\"]",
      "instances": [
        {
          "schema_version": 0,
          "attributes": {
            "allow_forwarded_traffic": false,
            "allow_gateway_transit": false,
            "allow_virtual_network_access": true,
            "id": "/subscriptions/81d87c4b-9aa7-4db6-973a-0bb7c348f163/resourceGroups/F1-HQ-Main-RG/providers/Microsoft.Network/virtualNetworks/F1-HQ-Main-RG-VNet/virtualNetworkPeerings/HQ-to-Silverstone-Peering",
            "local_subnet_names": [],
            "name": "HQ-to-Silverstone-Peering",
            "only_ipv6_peering_enabled": false,
            "peer_complete_virtual_networks_enabled": true,
            "remote_subnet_names": [],
            "remote_virtual_network_id": "/subscriptions/81d87c4b-9aa7-4db6-973a-0bb7c348f163/resourceGroups/F1-Silverstone-Track-RG/providers/Microsoft.Network/virtualNetworks/F1-Silverstone-Track-RG-VNet",
            "resource_group_name": "F1-HQ-Main-RG",
            "timeouts": null,
            "triggers": null,
            "use_remote_gateways": false,
            "virtual_network_name": "F1-HQ-Main-RG-VNet"
          },
          "sensitive_attributes": [],
          "identity_schema_version": 0,
          "private": "eyJlMmJmYjczMC1lY2FhLTExZTYtOGY4OC0zNDM2M2JjN2M0YzAiOnsiY3JlYXRlIjoxODAwMDAwMDAwMDAwLCJkZWxldGUiOjE4MDAwMDAwMDAwMDAsInJlYWQiOjMwMDAwMDAwMDAwMCwidXBkYXRlIjoxODAwMDAwMDAwMDAwfX0=",
          "dependencies": [
            "module.hq_network.azurerm_resource_group.f1_rg",
            "module.hq_network.azurerm_virtual_network.f1_vnet",
            "module.silverstone_network.azurerm_resource_group.f1_rg",
            "module.silverstone_network.azurerm_virtual_network.f1_vnet"
          ]
        }
      ]
    },
    {
      "mode": "managed",
      "type": "azurerm_virtual_network_peering",
      "name": "monaco_to_hq",
      "provider": "provider[\"registry.terraform.io/hashicorp/azurerm\"]",
      "instances": [
        {
          "schema_version": 0,
          "attributes": {
            "allow_forwarded_traffic": false,
            "allow_gateway_transit": false,
            "allow_virtual_network_access": true,
            "id": "/subscriptions/81d87c4b-9aa7-4db6-973a-0bb7c348f163/resourceGroups/F1-Monaco-Track-RG/providers/Microsoft.Network/virtualNetworks/F1-Monaco-Track-RG-VNet/virtualNetworkPeerings/Monaco-to-HQ-Peering",
            "local_subnet_names": [],
            "name": "Monaco-to-HQ-Peering",
            "only_ipv6_peering_enabled": false,
            "peer_complete_virtual_networks_enabled": true,
            "remote_subnet_names": [],
            "remote_virtual_network_id": "/subscriptions/81d87c4b-9aa7-4db6-973a-0bb7c348f163/resourceGroups/F1-HQ-Main-RG/providers/Microsoft.Network/virtualNetworks/F1-HQ-Main-RG-VNet",
            "resource_group_name": "F1-Monaco-Track-RG",
            "timeouts": null,
            "triggers": null,
            "use_remote_gateways": false,
            "virtual_network_name": "F1-Monaco-Track-RG-VNet"
          },
          "sensitive_attributes": [],
          "identity_schema_version": 0,
          "private": "eyJlMmJmYjczMC1lY2FhLTExZTYtOGY4OC0zNDM2M2JjN2M0YzAiOnsiY3JlYXRlIjoxODAwMDAwMDAwMDAwLCJkZWxldGUiOjE4MDAwMDAwMDAwMDAsInJlYWQiOjMwMDAwMDAwMDAwMCwidXBkYXRlIjoxODAwMDAwMDAwMDAwfX0=",
          "dependencies": [
            "module.hq_network.azurerm_resource_group.f1_rg",
            "module.hq_network.azurerm_virtual_network.f1_vnet",
            "module.monaco_network.azurerm_resource_group.f1_rg",
            "module.monaco_network.azurerm_virtual_network.f1_vnet"
          ]
        }
      ]
    },
    {
      "mode": "managed",
      "type": "azurerm_virtual_network_peering",
      "name": "silverstone_to_hq",
      "provider": "provider[\"registry.terraform.io/hashicorp/azurerm\"]",
      "instances": [
        {
          "schema_version": 0,
          "attributes": {
            "allow_forwarded_traffic": false,
            "allow_gateway_transit": false,
            "allow_virtual_network_access": true,
            "id": "/subscriptions/81d87c4b-9aa7-4db6-973a-0bb7c348f163/resourceGroups/F1-Silverstone-Track-RG/providers/Microsoft.Network/virtualNetworks/F1-Silverstone-Track-RG-VNet/virtualNetworkPeerings/Silverstone-to-HQ-Peering",
            "local_subnet_names": [],
            "name": "Silverstone-to-HQ-Peering",
            "only_ipv6_peering_enabled": false,
            "peer_complete_virtual_networks_enabled": true,
            "remote_subnet_names": [],
            "remote_virtual_network_id": "/subscriptions/81d87c4b-9aa7-4db6-973a-0bb7c348f163/resourceGroups/F1-HQ-Main-RG/providers/Microsoft.Network/virtualNetworks/F1-HQ-Main-RG-VNet",
            "resource_group_name": "F1-Silverstone-Track-RG",
            "timeouts": null,
            "triggers": null,
            "use_remote_gateways": false,
            "virtual_network_name": "F1-Silverstone-Track-RG-VNet"
          },
          "sensitive_attributes": [],
          "identity_schema_version": 0,
          "private": "eyJlMmJmYjczMC1lY2FhLTExZTYtOGY4OC0zNDM2M2JjN2M0YzAiOnsiY3JlYXRlIjoxODAwMDAwMDAwMDAwLCJkZWxldGUiOjE4MDAwMDAwMDAwMDAsInJlYWQiOjMwMDAwMDAwMDAwMCwidXBkYXRlIjoxODAwMDAwMDAwMDAwfX0=",
          "dependencies": [
            "module.hq_network.azurerm_resource_group.f1_rg",
            "module.hq_network.azurerm_virtual_network.f1_vnet",
            "module.silverstone_network.azurerm_resource_group.f1_rg",
            "module.silverstone_network.azurerm_virtual_network.f1_vnet"
          ]
        }
      ]
    },
    {
      "module": "module.hq_backup_storage",
      "mode": "managed",
      "type": "azurerm_storage_account",
      "name": "f1_storage",
      "provider": "provider[\"registry.terraform.io/hashicorp/azurerm\"]",
      "instances": [
        {
          "schema_version": 4,
          "attributes": {
            "access_tier": "Hot",
            "account_kind": "StorageV2",
            "account_replication_type": "LRS",
            "account_tier": "Standard",
            "allow_nested_items_to_be_public": true,
            "allowed_copy_scope": "",
            "azure_files_authentication": [],
            "blob_properties": [
              {
                "change_feed_enabled": false,
                "change_feed_retention_in_days": 0,
                "container_delete_retention_policy": [],
                "cors_rule": [],
                "default_service_version": "",
                "delete_retention_policy": [],
                "last_access_time_enabled": false,
                "restore_policy": [],
                "versioning_enabled": false
              }
            ],
            "cross_tenant_replication_enabled": true,
            "custom_domain": [],
            "customer_managed_key": [],
            "default_to_oauth_authentication": false,
            "dns_endpoint_type": "Standard",
            "edge_zone": "",
            "enable_https_traffic_only": true,
            "https_traffic_only_enabled": true,
            "id": "/subscriptions/81d87c4b-9aa7-4db6-973a-0bb7c348f163/resourceGroups/F1-HQ-Main-RG/providers/Microsoft.Storage/storageAccounts/f1backup2026yavuz",
            "identity": [],
            "immutability_policy": [],
            "infrastructure_encryption_enabled": false,
            "is_hns_enabled": false,
            "large_file_share_enabled": false,
            "local_user_enabled": true,
            "location": "francecentral",
            "min_tls_version": "TLS1_2",
            "name": "f1backup2026yavuz",
            "network_rules": [],
            "nfsv3_enabled": false,
            "primary_access_key": "TRc2lCmacgCTa3UMmPG8Z0g1ALlrVCLb2yXq0U8MC11Em0syHUwObVlkdL2HwN5IU7dNw4tSd4jy+ASt9sG5nw==",
            "primary_blob_connection_string": "DefaultEndpointsProtocol=https;BlobEndpoint=https://f1backup2026yavuz.blob.core.windows.net/;AccountName=f1backup2026yavuz;AccountKey=TRc2lCmacgCTa3UMmPG8Z0g1ALlrVCLb2yXq0U8MC11Em0syHUwObVlkdL2HwN5IU7dNw4tSd4jy+ASt9sG5nw==",
            "primary_blob_endpoint": "https://f1backup2026yavuz.blob.core.windows.net/",
            "primary_blob_host": "f1backup2026yavuz.blob.core.windows.net",
            "primary_blob_internet_endpoint": "",
            "primary_blob_internet_host": "",
            "primary_blob_microsoft_endpoint": "",
            "primary_blob_microsoft_host": "",
            "primary_connection_string": "DefaultEndpointsProtocol=https;AccountName=f1backup2026yavuz;AccountKey=TRc2lCmacgCTa3UMmPG8Z0g1ALlrVCLb2yXq0U8MC11Em0syHUwObVlkdL2HwN5IU7dNw4tSd4jy+ASt9sG5nw==;EndpointSuffix=core.windows.net",
            "primary_dfs_endpoint": "https://f1backup2026yavuz.dfs.core.windows.net/",
            "primary_dfs_host": "f1backup2026yavuz.dfs.core.windows.net",
            "primary_dfs_internet_endpoint": "",
            "primary_dfs_internet_host": "",
            "primary_dfs_microsoft_endpoint": "",
            "primary_dfs_microsoft_host": "",
            "primary_file_endpoint": "https://f1backup2026yavuz.file.core.windows.net/",
            "primary_file_host": "f1backup2026yavuz.file.core.windows.net",
            "primary_file_internet_endpoint": "",
            "primary_file_internet_host": "",
            "primary_file_microsoft_endpoint": "",
            "primary_file_microsoft_host": "",
            "primary_location": "francecentral",
            "primary_queue_endpoint": "https://f1backup2026yavuz.queue.core.windows.net/",
            "primary_queue_host": "f1backup2026yavuz.queue.core.windows.net",
            "primary_queue_microsoft_endpoint": "",
            "primary_queue_microsoft_host": "",
            "primary_table_endpoint": "https://f1backup2026yavuz.table.core.windows.net/",
            "primary_table_host": "f1backup2026yavuz.table.core.windows.net",
            "primary_table_microsoft_endpoint": "",
            "primary_table_microsoft_host": "",
            "primary_web_endpoint": "https://f1backup2026yavuz.z28.web.core.windows.net/",
            "primary_web_host": "f1backup2026yavuz.z28.web.core.windows.net",
            "primary_web_internet_endpoint": "",
            "primary_web_internet_host": "",
            "primary_web_microsoft_endpoint": "",
            "primary_web_microsoft_host": "",
            "public_network_access_enabled": true,
            "queue_encryption_key_type": "Service",
            "queue_properties": [
              {
                "cors_rule": [],
                "hour_metrics": [
                  {
                    "enabled": false,
                    "include_apis": false,
                    "retention_policy_days": 0,
                    "version": "1.0"
                  }
                ],
                "logging": [
                  {
                    "delete": false,
                    "read": false,
                    "retention_policy_days": 0,
                    "version": "1.0",
                    "write": false
                  }
                ],
                "minute_metrics": [
                  {
                    "enabled": false,
                    "include_apis": false,
                    "retention_policy_days": 0,
                    "version": "1.0"
                  }
                ]
              }
            ],
            "resource_group_name": "F1-HQ-Main-RG",
            "routing": [],
            "sas_policy": [],
            "secondary_access_key": "X5DioS7K5DoAdV0acWt7aVRN4iemQr1tXQEsA04+tSz7u+PzquhfZf+CyjM0KPTyEuQY4+A6dE1l+AStZBWKHQ==",
            "secondary_blob_connection_string": "",
            "secondary_blob_endpoint": "",
            "secondary_blob_host": "",
            "secondary_blob_internet_endpoint": "",
            "secondary_blob_internet_host": "",
            "secondary_blob_microsoft_endpoint": "",
            "secondary_blob_microsoft_host": "",
            "secondary_connection_string": "DefaultEndpointsProtocol=https;AccountName=f1backup2026yavuz;AccountKey=X5DioS7K5DoAdV0acWt7aVRN4iemQr1tXQEsA04+tSz7u+PzquhfZf+CyjM0KPTyEuQY4+A6dE1l+AStZBWKHQ==;EndpointSuffix=core.windows.net",
            "secondary_dfs_endpoint": "",
            "secondary_dfs_host": "",
            "secondary_dfs_internet_endpoint": "",
            "secondary_dfs_internet_host": "",
            "secondary_dfs_microsoft_endpoint": "",
            "secondary_dfs_microsoft_host": "",
            "secondary_file_endpoint": "",
            "secondary_file_host": "",
            "secondary_file_internet_endpoint": "",
            "secondary_file_internet_host": "",
            "secondary_file_microsoft_endpoint": "",
            "secondary_file_microsoft_host": "",
            "secondary_location": "",
            "secondary_queue_endpoint": "",
            "secondary_queue_host": "",
            "secondary_queue_microsoft_endpoint": "",
            "secondary_queue_microsoft_host": "",
            "secondary_table_endpoint": "",
            "secondary_table_host": "",
            "secondary_table_microsoft_endpoint": "",
            "secondary_table_microsoft_host": "",
            "secondary_web_endpoint": "",
            "secondary_web_host": "",
            "secondary_web_internet_endpoint": "",
            "secondary_web_internet_host": "",
            "secondary_web_microsoft_endpoint": "",
            "secondary_web_microsoft_host": "",
            "sftp_enabled": false,
            "share_properties": [
              {
                "cors_rule": [],
                "retention_policy": [
                  {
                    "days": 7
                  }
                ],
                "smb": []
              }
            ],
            "shared_access_key_enabled": true,
            "static_website": [],
            "table_encryption_key_type": "Service",
            "tags": {},
            "timeouts": null
          },
          "sensitive_attributes": [
            [
              {
                "type": "get_attr",
                "value": "primary_access_key"
              }
            ],
            [
              {
                "type": "get_attr",
                "value": "primary_blob_connection_string"
              }
            ],
            [
              {
                "type": "get_attr",
                "value": "primary_connection_string"
              }
            ],
            [
              {
                "type": "get_attr",
                "value": "secondary_access_key"
              }
            ],
            [
              {
                "type": "get_attr",
                "value": "secondary_blob_connection_string"
              }
            ],
            [
              {
                "type": "get_attr",
                "value": "secondary_connection_string"
              }
            ]
          ],
          "identity_schema_version": 0,
          "private": "eyJlMmJmYjczMC1lY2FhLTExZTYtOGY4OC0zNDM2M2JjN2M0YzAiOnsiY3JlYXRlIjozNjAwMDAwMDAwMDAwLCJkZWxldGUiOjM2MDAwMDAwMDAwMDAsInJlYWQiOjMwMDAwMDAwMDAwMCwidXBkYXRlIjozNjAwMDAwMDAwMDAwfSwic2NoZW1hX3ZlcnNpb24iOiI0In0=",
          "dependencies": [
            "module.hq_network.azurerm_network_security_group.trackside_nsg",
            "module.hq_network.azurerm_resource_group.f1_rg",
            "module.hq_network.azurerm_route_table.f1_route_table",
            "module.hq_network.azurerm_subnet.garage_subnet",
            "module.hq_network.azurerm_subnet.hq_subnet",
            "module.hq_network.azurerm_subnet.pitwall_subnet",
            "module.hq_network.azurerm_subnet.trackside_subnet",
            "module.hq_network.azurerm_subnet_route_table_association.trackside_rt_assoc",
            "module.hq_network.azurerm_virtual_network.f1_vnet"
          ]
        }
      ]
    },
    {
      "module": "module.hq_network",
      "mode": "managed",
      "type": "azurerm_network_security_group",
      "name": "trackside_nsg",
      "provider": "provider[\"registry.terraform.io/hashicorp/azurerm\"]",
      "instances": [
        {
          "schema_version": 0,
          "attributes": {
            "id": "/subscriptions/81d87c4b-9aa7-4db6-973a-0bb7c348f163/resourceGroups/F1-HQ-Main-RG/providers/Microsoft.Network/networkSecurityGroups/Trackside-NSG",
            "location": "francecentral",
            "name": "Trackside-NSG",
            "resource_group_name": "F1-HQ-Main-RG",
            "security_rule": [
              {
                "access": "Allow",
                "description": "",
                "destination_address_prefix": "*",
                "destination_address_prefixes": [],
                "destination_application_security_group_ids": [],
                "destination_port_range": "80",
                "destination_port_ranges": [],
                "direction": "Inbound",
                "name": "Allow-HTTP",
                "priority": 100,
                "protocol": "Tcp",
                "source_address_prefix": "*",
                "source_address_prefixes": [],
                "source_application_security_group_ids": [],
                "source_port_range": "*",
                "source_port_ranges": []
              }
            ],
            "tags": {},
            "timeouts": null
          },
          "sensitive_attributes": [],
          "identity_schema_version": 0,
          "private": "eyJlMmJmYjczMC1lY2FhLTExZTYtOGY4OC0zNDM2M2JjN2M0YzAiOnsiY3JlYXRlIjoxODAwMDAwMDAwMDAwLCJkZWxldGUiOjE4MDAwMDAwMDAwMDAsInJlYWQiOjMwMDAwMDAwMDAwMCwidXBkYXRlIjoxODAwMDAwMDAwMDAwfX0=",
          "dependencies": [
            "module.hq_network.azurerm_resource_group.f1_rg"
          ]
        }
      ]
    },
    {
      "module": "module.hq_network",
      "mode": "managed",
      "type": "azurerm_resource_group",
      "name": "f1_rg",
      "provider": "provider[\"registry.terraform.io/hashicorp/azurerm\"]",
      "instances": [
        {
          "schema_version": 0,
          "attributes": {
            "id": "/subscriptions/81d87c4b-9aa7-4db6-973a-0bb7c348f163/resourceGroups/F1-HQ-Main-RG",
            "location": "francecentral",
            "managed_by": "",
            "name": "F1-HQ-Main-RG",
            "tags": {},
            "timeouts": null
          },
          "sensitive_attributes": [],
          "identity_schema_version": 0,
          "private": "eyJlMmJmYjczMC1lY2FhLTExZTYtOGY4OC0zNDM2M2JjN2M0YzAiOnsiY3JlYXRlIjo1NDAwMDAwMDAwMDAwLCJkZWxldGUiOjU0MDAwMDAwMDAwMDAsInJlYWQiOjMwMDAwMDAwMDAwMCwidXBkYXRlIjo1NDAwMDAwMDAwMDAwfX0="
        }
      ]
    },
    {
      "module": "module.hq_network",
      "mode": "managed",
      "type": "azurerm_route_table",
      "name": "f1_route_table",
      "provider": "provider[\"registry.terraform.io/hashicorp/azurerm\"]",
      "instances": [
        {
          "schema_version": 0,
          "attributes": {
            "bgp_route_propagation_enabled": true,
            "disable_bgp_route_propagation": false,
            "id": "/subscriptions/81d87c4b-9aa7-4db6-973a-0bb7c348f163/resourceGroups/F1-HQ-Main-RG/providers/Microsoft.Network/routeTables/F1-HQ-Main-RG-RouteTable",
            "location": "francecentral",
            "name": "F1-HQ-Main-RG-RouteTable",
            "resource_group_name": "F1-HQ-Main-RG",
            "route": [
              {
                "address_prefix": "0.0.0.0/0",
                "name": "Direct-Internet-Outbound",
                "next_hop_in_ip_address": "",
                "next_hop_type": "Internet"
              }
            ],
            "subnets": [],
            "tags": null,
            "timeouts": null
          },
          "sensitive_attributes": [],
          "identity_schema_version": 0,
          "private": "eyJlMmJmYjczMC1lY2FhLTExZTYtOGY4OC0zNDM2M2JjN2M0YzAiOnsiY3JlYXRlIjoxODAwMDAwMDAwMDAwLCJkZWxldGUiOjE4MDAwMDAwMDAwMDAsInJlYWQiOjMwMDAwMDAwMDAwMCwidXBkYXRlIjoxODAwMDAwMDAwMDAwfX0=",
          "dependencies": [
            "module.hq_network.azurerm_resource_group.f1_rg"
          ]
        }
      ]
    },
    {
      "module": "module.hq_network",
      "mode": "managed",
      "type": "azurerm_subnet",
      "name": "garage_subnet",
      "provider": "provider[\"registry.terraform.io/hashicorp/azurerm\"]",
      "instances": [
        {
          "schema_version": 0,
          "attributes": {
            "address_prefixes": [
              "10.0.4.0/24"
            ],
            "default_outbound_access_enabled": true,
            "delegation": [],
            "enforce_private_link_endpoint_network_policies": false,
            "enforce_private_link_service_network_policies": false,
            "id": "/subscriptions/81d87c4b-9aa7-4db6-973a-0bb7c348f163/resourceGroups/F1-HQ-Main-RG/providers/Microsoft.Network/virtualNetworks/F1-HQ-Main-RG-VNet/subnets/Garage-IoT-Subnet",
            "name": "Garage-IoT-Subnet",
            "private_endpoint_network_policies": "Enabled",
            "private_endpoint_network_policies_enabled": true,
            "private_link_service_network_policies_enabled": true,
            "resource_group_name": "F1-HQ-Main-RG",
            "service_endpoint_policy_ids": [],
            "service_endpoints": [],
            "timeouts": null,
            "virtual_network_name": "F1-HQ-Main-RG-VNet"
          },
          "sensitive_attributes": [],
          "identity_schema_version": 0,
          "private": "eyJlMmJmYjczMC1lY2FhLTExZTYtOGY4OC0zNDM2M2JjN2M0YzAiOnsiY3JlYXRlIjoxODAwMDAwMDAwMDAwLCJkZWxldGUiOjE4MDAwMDAwMDAwMDAsInJlYWQiOjMwMDAwMDAwMDAwMCwidXBkYXRlIjoxODAwMDAwMDAwMDAwfX0=",
          "dependencies": [
            "module.hq_network.azurerm_resource_group.f1_rg",
            "module.hq_network.azurerm_virtual_network.f1_vnet"
          ]
        }
      ]
    },
    {
      "module": "module.hq_network",
      "mode": "managed",
      "type": "azurerm_subnet",
      "name": "hq_subnet",
      "provider": "provider[\"registry.terraform.io/hashicorp/azurerm\"]",
      "instances": [
        {
          "schema_version": 0,
          "attributes": {
            "address_prefixes": [
              "10.0.2.0/24"
            ],
            "default_outbound_access_enabled": true,
            "delegation": [],
            "enforce_private_link_endpoint_network_policies": false,
            "enforce_private_link_service_network_policies": false,
            "id": "/subscriptions/81d87c4b-9aa7-4db6-973a-0bb7c348f163/resourceGroups/F1-HQ-Main-RG/providers/Microsoft.Network/virtualNetworks/F1-HQ-Main-RG-VNet/subnets/HQ-Database-Subnet",
            "name": "HQ-Database-Subnet",
            "private_endpoint_network_policies": "Enabled",
            "private_endpoint_network_policies_enabled": true,
            "private_link_service_network_policies_enabled": true,
            "resource_group_name": "F1-HQ-Main-RG",
            "service_endpoint_policy_ids": [],
            "service_endpoints": [],
            "timeouts": null,
            "virtual_network_name": "F1-HQ-Main-RG-VNet"
          },
          "sensitive_attributes": [],
          "identity_schema_version": 0,
          "private": "eyJlMmJmYjczMC1lY2FhLTExZTYtOGY4OC0zNDM2M2JjN2M0YzAiOnsiY3JlYXRlIjoxODAwMDAwMDAwMDAwLCJkZWxldGUiOjE4MDAwMDAwMDAwMDAsInJlYWQiOjMwMDAwMDAwMDAwMCwidXBkYXRlIjoxODAwMDAwMDAwMDAwfX0=",
          "dependencies": [
            "module.hq_network.azurerm_resource_group.f1_rg",
            "module.hq_network.azurerm_virtual_network.f1_vnet"
          ]
        }
      ]
    },
    {
      "module": "module.hq_network",
      "mode": "managed",
      "type": "azurerm_subnet",
      "name": "pitwall_subnet",
      "provider": "provider[\"registry.terraform.io/hashicorp/azurerm\"]",
      "instances": [
        {
          "schema_version": 0,
          "attributes": {
            "address_prefixes": [
              "10.0.3.0/24"
            ],
            "default_outbound_access_enabled": true,
            "delegation": [],
            "enforce_private_link_endpoint_network_policies": false,
            "enforce_private_link_service_network_policies": false,
            "id": "/subscriptions/81d87c4b-9aa7-4db6-973a-0bb7c348f163/resourceGroups/F1-HQ-Main-RG/providers/Microsoft.Network/virtualNetworks/F1-HQ-Main-RG-VNet/subnets/Pitwall-Analytics-Subnet",
            "name": "Pitwall-Analytics-Subnet",
            "private_endpoint_network_policies": "Enabled",
            "private_endpoint_network_policies_enabled": true,
            "private_link_service_network_policies_enabled": true,
            "resource_group_name": "F1-HQ-Main-RG",
            "service_endpoint_policy_ids": [],
            "service_endpoints": [],
            "timeouts": null,
            "virtual_network_name": "F1-HQ-Main-RG-VNet"
          },
          "sensitive_attributes": [],
          "identity_schema_version": 0,
          "private": "eyJlMmJmYjczMC1lY2FhLTExZTYtOGY4OC0zNDM2M2JjN2M0YzAiOnsiY3JlYXRlIjoxODAwMDAwMDAwMDAwLCJkZWxldGUiOjE4MDAwMDAwMDAwMDAsInJlYWQiOjMwMDAwMDAwMDAwMCwidXBkYXRlIjoxODAwMDAwMDAwMDAwfX0=",
          "dependencies": [
            "module.hq_network.azurerm_resource_group.f1_rg",
            "module.hq_network.azurerm_virtual_network.f1_vnet"
          ]
        }
      ]
    },
    {
      "module": "module.hq_network",
      "mode": "managed",
      "type": "azurerm_subnet",
      "name": "trackside_subnet",
      "provider": "provider[\"registry.terraform.io/hashicorp/azurerm\"]",
      "instances": [
        {
          "schema_version": 0,
          "attributes": {
            "address_prefixes": [
              "10.0.1.0/24"
            ],
            "default_outbound_access_enabled": true,
            "delegation": [],
            "enforce_private_link_endpoint_network_policies": false,
            "enforce_private_link_service_network_policies": false,
            "id": "/subscriptions/81d87c4b-9aa7-4db6-973a-0bb7c348f163/resourceGroups/F1-HQ-Main-RG/providers/Microsoft.Network/virtualNetworks/F1-HQ-Main-RG-VNet/subnets/Trackside-Edge-Subnet",
            "name": "Trackside-Edge-Subnet",
            "private_endpoint_network_policies": "Enabled",
            "private_endpoint_network_policies_enabled": true,
            "private_link_service_network_policies_enabled": true,
            "resource_group_name": "F1-HQ-Main-RG",
            "service_endpoint_policy_ids": [],
            "service_endpoints": [],
            "timeouts": null,
            "virtual_network_name": "F1-HQ-Main-RG-VNet"
          },
          "sensitive_attributes": [],
          "identity_schema_version": 0,
          "private": "eyJlMmJmYjczMC1lY2FhLTExZTYtOGY4OC0zNDM2M2JjN2M0YzAiOnsiY3JlYXRlIjoxODAwMDAwMDAwMDAwLCJkZWxldGUiOjE4MDAwMDAwMDAwMDAsInJlYWQiOjMwMDAwMDAwMDAwMCwidXBkYXRlIjoxODAwMDAwMDAwMDAwfX0=",
          "dependencies": [
            "module.hq_network.azurerm_resource_group.f1_rg",
            "module.hq_network.azurerm_virtual_network.f1_vnet"
          ]
        }
      ]
    },
    {
      "module": "module.hq_network",
      "mode": "managed",
      "type": "azurerm_subnet_route_table_association",
      "name": "trackside_rt_assoc",
      "provider": "provider[\"registry.terraform.io/hashicorp/azurerm\"]",
      "instances": [
        {
          "schema_version": 0,
          "attributes": {
            "id": "/subscriptions/81d87c4b-9aa7-4db6-973a-0bb7c348f163/resourceGroups/F1-HQ-Main-RG/providers/Microsoft.Network/virtualNetworks/F1-HQ-Main-RG-VNet/subnets/Trackside-Edge-Subnet",
            "route_table_id": "/subscriptions/81d87c4b-9aa7-4db6-973a-0bb7c348f163/resourceGroups/F1-HQ-Main-RG/providers/Microsoft.Network/routeTables/F1-HQ-Main-RG-RouteTable",
            "subnet_id": "/subscriptions/81d87c4b-9aa7-4db6-973a-0bb7c348f163/resourceGroups/F1-HQ-Main-RG/providers/Microsoft.Network/virtualNetworks/F1-HQ-Main-RG-VNet/subnets/Trackside-Edge-Subnet",
            "timeouts": null
          },
          "sensitive_attributes": [],
          "identity_schema_version": 0,
          "private": "eyJlMmJmYjczMC1lY2FhLTExZTYtOGY4OC0zNDM2M2JjN2M0YzAiOnsiY3JlYXRlIjoxODAwMDAwMDAwMDAwLCJkZWxldGUiOjE4MDAwMDAwMDAwMDAsInJlYWQiOjMwMDAwMDAwMDAwMH19",
          "dependencies": [
            "module.hq_network.azurerm_resource_group.f1_rg",
            "module.hq_network.azurerm_route_table.f1_route_table",
            "module.hq_network.azurerm_subnet.trackside_subnet",
            "module.hq_network.azurerm_virtual_network.f1_vnet"
          ]
        }
      ]
    },
    {
      "module": "module.hq_network",
      "mode": "managed",
      "type": "azurerm_virtual_network",
      "name": "f1_vnet",
      "provider": "provider[\"registry.terraform.io/hashicorp/azurerm\"]",
      "instances": [
        {
          "schema_version": 0,
          "attributes": {
            "address_space": [
              "10.0.0.0/16"
            ],
            "bgp_community": "",
            "ddos_protection_plan": [],
            "dns_servers": [],
            "edge_zone": "",
            "encryption": [],
            "flow_timeout_in_minutes": 0,
            "guid": "df5c5497-6d00-4e2a-a89e-4ef38fc598e4",
            "id": "/subscriptions/81d87c4b-9aa7-4db6-973a-0bb7c348f163/resourceGroups/F1-HQ-Main-RG/providers/Microsoft.Network/virtualNetworks/F1-HQ-Main-RG-VNet",
            "location": "francecentral",
            "name": "F1-HQ-Main-RG-VNet",
            "resource_group_name": "F1-HQ-Main-RG",
            "subnet": [
              {
                "address_prefix": "10.0.1.0/24",
                "id": "/subscriptions/81d87c4b-9aa7-4db6-973a-0bb7c348f163/resourceGroups/F1-HQ-Main-RG/providers/Microsoft.Network/virtualNetworks/F1-HQ-Main-RG-VNet/subnets/Trackside-Edge-Subnet",
                "name": "Trackside-Edge-Subnet",
                "security_group": ""
              },
              {
                "address_prefix": "10.0.2.0/24",
                "id": "/subscriptions/81d87c4b-9aa7-4db6-973a-0bb7c348f163/resourceGroups/F1-HQ-Main-RG/providers/Microsoft.Network/virtualNetworks/F1-HQ-Main-RG-VNet/subnets/HQ-Database-Subnet",
                "name": "HQ-Database-Subnet",
                "security_group": ""
              },
              {
                "address_prefix": "10.0.3.0/24",
                "id": "/subscriptions/81d87c4b-9aa7-4db6-973a-0bb7c348f163/resourceGroups/F1-HQ-Main-RG/providers/Microsoft.Network/virtualNetworks/F1-HQ-Main-RG-VNet/subnets/Pitwall-Analytics-Subnet",
                "name": "Pitwall-Analytics-Subnet",
                "security_group": ""
              },
              {
                "address_prefix": "10.0.4.0/24",
                "id": "/subscriptions/81d87c4b-9aa7-4db6-973a-0bb7c348f163/resourceGroups/F1-HQ-Main-RG/providers/Microsoft.Network/virtualNetworks/F1-HQ-Main-RG-VNet/subnets/Garage-IoT-Subnet",
                "name": "Garage-IoT-Subnet",
                "security_group": ""
              }
            ],
            "tags": {},
            "timeouts": null
          },
          "sensitive_attributes": [],
          "identity_schema_version": 0,
          "private": "eyJlMmJmYjczMC1lY2FhLTExZTYtOGY4OC0zNDM2M2JjN2M0YzAiOnsiY3JlYXRlIjoxODAwMDAwMDAwMDAwLCJkZWxldGUiOjE4MDAwMDAwMDAwMDAsInJlYWQiOjMwMDAwMDAwMDAwMCwidXBkYXRlIjoxODAwMDAwMDAwMDAwfX0=",
          "dependencies": [
            "module.hq_network.azurerm_resource_group.f1_rg"
          ]
        }
      ]
    },
    {
      "module": "module.hq_telemetry_storage",
      "mode": "managed",
      "type": "azurerm_storage_account",
      "name": "f1_storage",
      "provider": "provider[\"registry.terraform.io/hashicorp/azurerm\"]",
      "instances": [
        {
          "schema_version": 4,
          "attributes": {
            "access_tier": "Hot",
            "account_kind": "StorageV2",
            "account_replication_type": "LRS",
            "account_tier": "Standard",
            "allow_nested_items_to_be_public": true,
            "allowed_copy_scope": "",
            "azure_files_authentication": [],
            "blob_properties": [
              {
                "change_feed_enabled": false,
                "change_feed_retention_in_days": 0,
                "container_delete_retention_policy": [],
                "cors_rule": [],
                "default_service_version": "",
                "delete_retention_policy": [],
                "last_access_time_enabled": false,
                "restore_policy": [],
                "versioning_enabled": false
              }
            ],
            "cross_tenant_replication_enabled": true,
            "custom_domain": [],
            "customer_managed_key": [],
            "default_to_oauth_authentication": false,
            "dns_endpoint_type": "Standard",
            "edge_zone": "",
            "enable_https_traffic_only": true,
            "https_traffic_only_enabled": true,
            "id": "/subscriptions/81d87c4b-9aa7-4db6-973a-0bb7c348f163/resourceGroups/F1-HQ-Main-RG/providers/Microsoft.Storage/storageAccounts/f1datahq2026yavuz",
            "identity": [],
            "immutability_policy": [],
            "infrastructure_encryption_enabled": false,
            "is_hns_enabled": false,
            "large_file_share_enabled": false,
            "local_user_enabled": true,
            "location": "francecentral",
            "min_tls_version": "TLS1_2",
            "name": "f1datahq2026yavuz",
            "network_rules": [],
            "nfsv3_enabled": false,
            "primary_access_key": "1GjEUS7DwYxrSbbCEBmkZJN778FW0nsTcnBT4xWwzkes/1DdbRiGtm8Qavqeyc7CvQ5DwhFfvBbU+AStW1oTFg==",
            "primary_blob_connection_string": "DefaultEndpointsProtocol=https;BlobEndpoint=https://f1datahq2026yavuz.blob.core.windows.net/;AccountName=f1datahq2026yavuz;AccountKey=1GjEUS7DwYxrSbbCEBmkZJN778FW0nsTcnBT4xWwzkes/1DdbRiGtm8Qavqeyc7CvQ5DwhFfvBbU+AStW1oTFg==",
            "primary_blob_endpoint": "https://f1datahq2026yavuz.blob.core.windows.net/",
            "primary_blob_host": "f1datahq2026yavuz.blob.core.windows.net",
            "primary_blob_internet_endpoint": "",
            "primary_blob_internet_host": "",
            "primary_blob_microsoft_endpoint": "",
            "primary_blob_microsoft_host": "",
            "primary_connection_string": "DefaultEndpointsProtocol=https;AccountName=f1datahq2026yavuz;AccountKey=1GjEUS7DwYxrSbbCEBmkZJN778FW0nsTcnBT4xWwzkes/1DdbRiGtm8Qavqeyc7CvQ5DwhFfvBbU+AStW1oTFg==;EndpointSuffix=core.windows.net",
            "primary_dfs_endpoint": "https://f1datahq2026yavuz.dfs.core.windows.net/",
            "primary_dfs_host": "f1datahq2026yavuz.dfs.core.windows.net",
            "primary_dfs_internet_endpoint": "",
            "primary_dfs_internet_host": "",
            "primary_dfs_microsoft_endpoint": "",
            "primary_dfs_microsoft_host": "",
            "primary_file_endpoint": "https://f1datahq2026yavuz.file.core.windows.net/",
            "primary_file_host": "f1datahq2026yavuz.file.core.windows.net",
            "primary_file_internet_endpoint": "",
            "primary_file_internet_host": "",
            "primary_file_microsoft_endpoint": "",
            "primary_file_microsoft_host": "",
            "primary_location": "francecentral",
            "primary_queue_endpoint": "https://f1datahq2026yavuz.queue.core.windows.net/",
            "primary_queue_host": "f1datahq2026yavuz.queue.core.windows.net",
            "primary_queue_microsoft_endpoint": "",
            "primary_queue_microsoft_host": "",
            "primary_table_endpoint": "https://f1datahq2026yavuz.table.core.windows.net/",
            "primary_table_host": "f1datahq2026yavuz.table.core.windows.net",
            "primary_table_microsoft_endpoint": "",
            "primary_table_microsoft_host": "",
            "primary_web_endpoint": "https://f1datahq2026yavuz.z28.web.core.windows.net/",
            "primary_web_host": "f1datahq2026yavuz.z28.web.core.windows.net",
            "primary_web_internet_endpoint": "",
            "primary_web_internet_host": "",
            "primary_web_microsoft_endpoint": "",
            "primary_web_microsoft_host": "",
            "public_network_access_enabled": true,
            "queue_encryption_key_type": "Service",
            "queue_properties": [
              {
                "cors_rule": [],
                "hour_metrics": [
                  {
                    "enabled": false,
                    "include_apis": false,
                    "retention_policy_days": 0,
                    "version": "1.0"
                  }
                ],
                "logging": [
                  {
                    "delete": false,
                    "read": false,
                    "retention_policy_days": 0,
                    "version": "1.0",
                    "write": false
                  }
                ],
                "minute_metrics": [
                  {
                    "enabled": false,
                    "include_apis": false,
                    "retention_policy_days": 0,
                    "version": "1.0"
                  }
                ]
              }
            ],
            "resource_group_name": "F1-HQ-Main-RG",
            "routing": [],
            "sas_policy": [],
            "secondary_access_key": "7zz0i5aebNdMuDtL6j81atRnCGfPY65zO/G43IOx6icrJ6TvozKdDZLTZw0LQnByP3xfqNrMzh8p+AStXy610Q==",
            "secondary_blob_connection_string": "",
            "secondary_blob_endpoint": "",
            "secondary_blob_host": "",
            "secondary_blob_internet_endpoint": "",
            "secondary_blob_internet_host": "",
            "secondary_blob_microsoft_endpoint": "",
            "secondary_blob_microsoft_host": "",
            "secondary_connection_string": "DefaultEndpointsProtocol=https;AccountName=f1datahq2026yavuz;AccountKey=7zz0i5aebNdMuDtL6j81atRnCGfPY65zO/G43IOx6icrJ6TvozKdDZLTZw0LQnByP3xfqNrMzh8p+AStXy610Q==;EndpointSuffix=core.windows.net",
            "secondary_dfs_endpoint": "",
            "secondary_dfs_host": "",
            "secondary_dfs_internet_endpoint": "",
            "secondary_dfs_internet_host": "",
            "secondary_dfs_microsoft_endpoint": "",
            "secondary_dfs_microsoft_host": "",
            "secondary_file_endpoint": "",
            "secondary_file_host": "",
            "secondary_file_internet_endpoint": "",
            "secondary_file_internet_host": "",
            "secondary_file_microsoft_endpoint": "",
            "secondary_file_microsoft_host": "",
            "secondary_location": "",
            "secondary_queue_endpoint": "",
            "secondary_queue_host": "",
            "secondary_queue_microsoft_endpoint": "",
            "secondary_queue_microsoft_host": "",
            "secondary_table_endpoint": "",
            "secondary_table_host": "",
            "secondary_table_microsoft_endpoint": "",
            "secondary_table_microsoft_host": "",
            "secondary_web_endpoint": "",
            "secondary_web_host": "",
            "secondary_web_internet_endpoint": "",
            "secondary_web_internet_host": "",
            "secondary_web_microsoft_endpoint": "",
            "secondary_web_microsoft_host": "",
            "sftp_enabled": false,
            "share_properties": [
              {
                "cors_rule": [],
                "retention_policy": [
                  {
                    "days": 7
                  }
                ],
                "smb": []
              }
            ],
            "shared_access_key_enabled": true,
            "static_website": [],
            "table_encryption_key_type": "Service",
            "tags": {},
            "timeouts": null
          },
          "sensitive_attributes": [
            [
              {
                "type": "get_attr",
                "value": "primary_access_key"
              }
            ],
            [
              {
                "type": "get_attr",
                "value": "primary_blob_connection_string"
              }
            ],
            [
              {
                "type": "get_attr",
                "value": "primary_connection_string"
              }
            ],
            [
              {
                "type": "get_attr",
                "value": "secondary_access_key"
              }
            ],
            [
              {
                "type": "get_attr",
                "value": "secondary_blob_connection_string"
              }
            ],
            [
              {
                "type": "get_attr",
                "value": "secondary_connection_string"
              }
            ]
          ],
          "identity_schema_version": 0,
          "private": "eyJlMmJmYjczMC1lY2FhLTExZTYtOGY4OC0zNDM2M2JjN2M0YzAiOnsiY3JlYXRlIjozNjAwMDAwMDAwMDAwLCJkZWxldGUiOjM2MDAwMDAwMDAwMDAsInJlYWQiOjMwMDAwMDAwMDAwMCwidXBkYXRlIjozNjAwMDAwMDAwMDAwfSwic2NoZW1hX3ZlcnNpb24iOiI0In0=",
          "dependencies": [
            "module.hq_network.azurerm_network_security_group.trackside_nsg",
            "module.hq_network.azurerm_resource_group.f1_rg",
            "module.hq_network.azurerm_route_table.f1_route_table",
            "module.hq_network.azurerm_subnet.garage_subnet",
            "module.hq_network.azurerm_subnet.hq_subnet",
            "module.hq_network.azurerm_subnet.pitwall_subnet",
            "module.hq_network.azurerm_subnet.trackside_subnet",
            "module.hq_network.azurerm_subnet_route_table_association.trackside_rt_assoc",
            "module.hq_network.azurerm_virtual_network.f1_vnet"
          ]
        }
      ]
    },
    {
      "module": "module.monaco_network",
      "mode": "managed",
      "type": "azurerm_network_security_group",
      "name": "trackside_nsg",
      "provider": "provider[\"registry.terraform.io/hashicorp/azurerm\"]",
      "instances": [
        {
          "schema_version": 0,
          "attributes": {
            "id": "/subscriptions/81d87c4b-9aa7-4db6-973a-0bb7c348f163/resourceGroups/F1-Monaco-Track-RG/providers/Microsoft.Network/networkSecurityGroups/Trackside-NSG",
            "location": "francecentral",
            "name": "Trackside-NSG",
            "resource_group_name": "F1-Monaco-Track-RG",
            "security_rule": [
              {
                "access": "Allow",
                "description": "",
                "destination_address_prefix": "*",
                "destination_address_prefixes": [],
                "destination_application_security_group_ids": [],
                "destination_port_range": "80",
                "destination_port_ranges": [],
                "direction": "Inbound",
                "name": "Allow-HTTP",
                "priority": 100,
                "protocol": "Tcp",
                "source_address_prefix": "*",
                "source_address_prefixes": [],
                "source_application_security_group_ids": [],
                "source_port_range": "*",
                "source_port_ranges": []
              }
            ],
            "tags": {},
            "timeouts": null
          },
          "sensitive_attributes": [],
          "identity_schema_version": 0,
          "private": "eyJlMmJmYjczMC1lY2FhLTExZTYtOGY4OC0zNDM2M2JjN2M0YzAiOnsiY3JlYXRlIjoxODAwMDAwMDAwMDAwLCJkZWxldGUiOjE4MDAwMDAwMDAwMDAsInJlYWQiOjMwMDAwMDAwMDAwMCwidXBkYXRlIjoxODAwMDAwMDAwMDAwfX0=",
          "dependencies": [
            "module.monaco_network.azurerm_resource_group.f1_rg"
          ]
        }
      ]
    },
    {
      "module": "module.monaco_network",
      "mode": "managed",
      "type": "azurerm_resource_group",
      "name": "f1_rg",
      "provider": "provider[\"registry.terraform.io/hashicorp/azurerm\"]",
      "instances": [
        {
          "schema_version": 0,
          "attributes": {
            "id": "/subscriptions/81d87c4b-9aa7-4db6-973a-0bb7c348f163/resourceGroups/F1-Monaco-Track-RG",
            "location": "francecentral",
            "managed_by": "",
            "name": "F1-Monaco-Track-RG",
            "tags": {},
            "timeouts": null
          },
          "sensitive_attributes": [],
          "identity_schema_version": 0,
          "private": "eyJlMmJmYjczMC1lY2FhLTExZTYtOGY4OC0zNDM2M2JjN2M0YzAiOnsiY3JlYXRlIjo1NDAwMDAwMDAwMDAwLCJkZWxldGUiOjU0MDAwMDAwMDAwMDAsInJlYWQiOjMwMDAwMDAwMDAwMCwidXBkYXRlIjo1NDAwMDAwMDAwMDAwfX0="
        }
      ]
    },
    {
      "module": "module.monaco_network",
      "mode": "managed",
      "type": "azurerm_route_table",
      "name": "f1_route_table",
      "provider": "provider[\"registry.terraform.io/hashicorp/azurerm\"]",
      "instances": [
        {
          "schema_version": 0,
          "attributes": {
            "bgp_route_propagation_enabled": true,
            "disable_bgp_route_propagation": false,
            "id": "/subscriptions/81d87c4b-9aa7-4db6-973a-0bb7c348f163/resourceGroups/F1-Monaco-Track-RG/providers/Microsoft.Network/routeTables/F1-Monaco-Track-RG-RouteTable",
            "location": "francecentral",
            "name": "F1-Monaco-Track-RG-RouteTable",
            "resource_group_name": "F1-Monaco-Track-RG",
            "route": [
              {
                "address_prefix": "0.0.0.0/0",
                "name": "Direct-Internet-Outbound",
                "next_hop_in_ip_address": "",
                "next_hop_type": "Internet"
              }
            ],
            "subnets": [],
            "tags": null,
            "timeouts": null
          },
          "sensitive_attributes": [],
          "identity_schema_version": 0,
          "private": "eyJlMmJmYjczMC1lY2FhLTExZTYtOGY4OC0zNDM2M2JjN2M0YzAiOnsiY3JlYXRlIjoxODAwMDAwMDAwMDAwLCJkZWxldGUiOjE4MDAwMDAwMDAwMDAsInJlYWQiOjMwMDAwMDAwMDAwMCwidXBkYXRlIjoxODAwMDAwMDAwMDAwfX0=",
          "dependencies": [
            "module.monaco_network.azurerm_resource_group.f1_rg"
          ]
        }
      ]
    },
    {
      "module": "module.monaco_network",
      "mode": "managed",
      "type": "azurerm_subnet",
      "name": "garage_subnet",
      "provider": "provider[\"registry.terraform.io/hashicorp/azurerm\"]",
      "instances": [
        {
          "schema_version": 0,
          "attributes": {
            "address_prefixes": [
              "10.1.4.0/24"
            ],
            "default_outbound_access_enabled": true,
            "delegation": [],
            "enforce_private_link_endpoint_network_policies": false,
            "enforce_private_link_service_network_policies": false,
            "id": "/subscriptions/81d87c4b-9aa7-4db6-973a-0bb7c348f163/resourceGroups/F1-Monaco-Track-RG/providers/Microsoft.Network/virtualNetworks/F1-Monaco-Track-RG-VNet/subnets/Garage-IoT-Subnet",
            "name": "Garage-IoT-Subnet",
            "private_endpoint_network_policies": "Enabled",
            "private_endpoint_network_policies_enabled": true,
            "private_link_service_network_policies_enabled": true,
            "resource_group_name": "F1-Monaco-Track-RG",
            "service_endpoint_policy_ids": [],
            "service_endpoints": [],
            "timeouts": null,
            "virtual_network_name": "F1-Monaco-Track-RG-VNet"
          },
          "sensitive_attributes": [],
          "identity_schema_version": 0,
          "private": "eyJlMmJmYjczMC1lY2FhLTExZTYtOGY4OC0zNDM2M2JjN2M0YzAiOnsiY3JlYXRlIjoxODAwMDAwMDAwMDAwLCJkZWxldGUiOjE4MDAwMDAwMDAwMDAsInJlYWQiOjMwMDAwMDAwMDAwMCwidXBkYXRlIjoxODAwMDAwMDAwMDAwfX0=",
          "dependencies": [
            "module.monaco_network.azurerm_resource_group.f1_rg",
            "module.monaco_network.azurerm_virtual_network.f1_vnet"
          ]
        }
      ]
    },
    {
      "module": "module.monaco_network",
      "mode": "managed",
      "type": "azurerm_subnet",
      "name": "hq_subnet",
      "provider": "provider[\"registry.terraform.io/hashicorp/azurerm\"]",
      "instances": [
        {
          "schema_version": 0,
          "attributes": {
            "address_prefixes": [
              "10.1.2.0/24"
            ],
            "default_outbound_access_enabled": true,
            "delegation": [],
            "enforce_private_link_endpoint_network_policies": false,
            "enforce_private_link_service_network_policies": false,
            "id": "/subscriptions/81d87c4b-9aa7-4db6-973a-0bb7c348f163/resourceGroups/F1-Monaco-Track-RG/providers/Microsoft.Network/virtualNetworks/F1-Monaco-Track-RG-VNet/subnets/HQ-Database-Subnet",
            "name": "HQ-Database-Subnet",
            "private_endpoint_network_policies": "Enabled",
            "private_endpoint_network_policies_enabled": true,
            "private_link_service_network_policies_enabled": true,
            "resource_group_name": "F1-Monaco-Track-RG",
            "service_endpoint_policy_ids": [],
            "service_endpoints": [],
            "timeouts": null,
            "virtual_network_name": "F1-Monaco-Track-RG-VNet"
          },
          "sensitive_attributes": [],
          "identity_schema_version": 0,
          "private": "eyJlMmJmYjczMC1lY2FhLTExZTYtOGY4OC0zNDM2M2JjN2M0YzAiOnsiY3JlYXRlIjoxODAwMDAwMDAwMDAwLCJkZWxldGUiOjE4MDAwMDAwMDAwMDAsInJlYWQiOjMwMDAwMDAwMDAwMCwidXBkYXRlIjoxODAwMDAwMDAwMDAwfX0=",
          "dependencies": [
            "module.monaco_network.azurerm_resource_group.f1_rg",
            "module.monaco_network.azurerm_virtual_network.f1_vnet"
          ]
        }
      ]
    },
    {
      "module": "module.monaco_network",
      "mode": "managed",
      "type": "azurerm_subnet",
      "name": "pitwall_subnet",
      "provider": "provider[\"registry.terraform.io/hashicorp/azurerm\"]",
      "instances": [
        {
          "schema_version": 0,
          "attributes": {
            "address_prefixes": [
              "10.1.3.0/24"
            ],
            "default_outbound_access_enabled": true,
            "delegation": [],
            "enforce_private_link_endpoint_network_policies": false,
            "enforce_private_link_service_network_policies": false,
            "id": "/subscriptions/81d87c4b-9aa7-4db6-973a-0bb7c348f163/resourceGroups/F1-Monaco-Track-RG/providers/Microsoft.Network/virtualNetworks/F1-Monaco-Track-RG-VNet/subnets/Pitwall-Analytics-Subnet",
            "name": "Pitwall-Analytics-Subnet",
            "private_endpoint_network_policies": "Enabled",
            "private_endpoint_network_policies_enabled": true,
            "private_link_service_network_policies_enabled": true,
            "resource_group_name": "F1-Monaco-Track-RG",
            "service_endpoint_policy_ids": [],
            "service_endpoints": [],
            "timeouts": null,
            "virtual_network_name": "F1-Monaco-Track-RG-VNet"
          },
          "sensitive_attributes": [],
          "identity_schema_version": 0,
          "private": "eyJlMmJmYjczMC1lY2FhLTExZTYtOGY4OC0zNDM2M2JjN2M0YzAiOnsiY3JlYXRlIjoxODAwMDAwMDAwMDAwLCJkZWxldGUiOjE4MDAwMDAwMDAwMDAsInJlYWQiOjMwMDAwMDAwMDAwMCwidXBkYXRlIjoxODAwMDAwMDAwMDAwfX0=",
          "dependencies": [
            "module.monaco_network.azurerm_resource_group.f1_rg",
            "module.monaco_network.azurerm_virtual_network.f1_vnet"
          ]
        }
      ]
    },
    {
      "module": "module.monaco_network",
      "mode": "managed",
      "type": "azurerm_subnet",
      "name": "trackside_subnet",
      "provider": "provider[\"registry.terraform.io/hashicorp/azurerm\"]",
      "instances": [
        {
          "schema_version": 0,
          "attributes": {
            "address_prefixes": [
              "10.1.1.0/24"
            ],
            "default_outbound_access_enabled": true,
            "delegation": [],
            "enforce_private_link_endpoint_network_policies": false,
            "enforce_private_link_service_network_policies": false,
            "id": "/subscriptions/81d87c4b-9aa7-4db6-973a-0bb7c348f163/resourceGroups/F1-Monaco-Track-RG/providers/Microsoft.Network/virtualNetworks/F1-Monaco-Track-RG-VNet/subnets/Trackside-Edge-Subnet",
            "name": "Trackside-Edge-Subnet",
            "private_endpoint_network_policies": "Enabled",
            "private_endpoint_network_policies_enabled": true,
            "private_link_service_network_policies_enabled": true,
            "resource_group_name": "F1-Monaco-Track-RG",
            "service_endpoint_policy_ids": [],
            "service_endpoints": [],
            "timeouts": null,
            "virtual_network_name": "F1-Monaco-Track-RG-VNet"
          },
          "sensitive_attributes": [],
          "identity_schema_version": 0,
          "private": "eyJlMmJmYjczMC1lY2FhLTExZTYtOGY4OC0zNDM2M2JjN2M0YzAiOnsiY3JlYXRlIjoxODAwMDAwMDAwMDAwLCJkZWxldGUiOjE4MDAwMDAwMDAwMDAsInJlYWQiOjMwMDAwMDAwMDAwMCwidXBkYXRlIjoxODAwMDAwMDAwMDAwfX0=",
          "dependencies": [
            "module.monaco_network.azurerm_resource_group.f1_rg",
            "module.monaco_network.azurerm_virtual_network.f1_vnet"
          ]
        }
      ]
    },
    {
      "module": "module.monaco_network",
      "mode": "managed",
      "type": "azurerm_subnet_route_table_association",
      "name": "trackside_rt_assoc",
      "provider": "provider[\"registry.terraform.io/hashicorp/azurerm\"]",
      "instances": [
        {
          "schema_version": 0,
          "attributes": {
            "id": "/subscriptions/81d87c4b-9aa7-4db6-973a-0bb7c348f163/resourceGroups/F1-Monaco-Track-RG/providers/Microsoft.Network/virtualNetworks/F1-Monaco-Track-RG-VNet/subnets/Trackside-Edge-Subnet",
            "route_table_id": "/subscriptions/81d87c4b-9aa7-4db6-973a-0bb7c348f163/resourceGroups/F1-Monaco-Track-RG/providers/Microsoft.Network/routeTables/F1-Monaco-Track-RG-RouteTable",
            "subnet_id": "/subscriptions/81d87c4b-9aa7-4db6-973a-0bb7c348f163/resourceGroups/F1-Monaco-Track-RG/providers/Microsoft.Network/virtualNetworks/F1-Monaco-Track-RG-VNet/subnets/Trackside-Edge-Subnet",
            "timeouts": null
          },
          "sensitive_attributes": [],
          "identity_schema_version": 0,
          "private": "eyJlMmJmYjczMC1lY2FhLTExZTYtOGY4OC0zNDM2M2JjN2M0YzAiOnsiY3JlYXRlIjoxODAwMDAwMDAwMDAwLCJkZWxldGUiOjE4MDAwMDAwMDAwMDAsInJlYWQiOjMwMDAwMDAwMDAwMH19",
          "dependencies": [
            "module.monaco_network.azurerm_resource_group.f1_rg",
            "module.monaco_network.azurerm_route_table.f1_route_table",
            "module.monaco_network.azurerm_subnet.trackside_subnet",
            "module.monaco_network.azurerm_virtual_network.f1_vnet"
          ]
        }
      ]
    },
    {
      "module": "module.monaco_network",
      "mode": "managed",
      "type": "azurerm_virtual_network",
      "name": "f1_vnet",
      "provider": "provider[\"registry.terraform.io/hashicorp/azurerm\"]",
      "instances": [
        {
          "schema_version": 0,
          "attributes": {
            "address_space": [
              "10.1.0.0/16"
            ],
            "bgp_community": "",
            "ddos_protection_plan": [],
            "dns_servers": [],
            "edge_zone": "",
            "encryption": [],
            "flow_timeout_in_minutes": 0,
            "guid": "88de013a-6c27-4d08-a4df-96d7141b4931",
            "id": "/subscriptions/81d87c4b-9aa7-4db6-973a-0bb7c348f163/resourceGroups/F1-Monaco-Track-RG/providers/Microsoft.Network/virtualNetworks/F1-Monaco-Track-RG-VNet",
            "location": "francecentral",
            "name": "F1-Monaco-Track-RG-VNet",
            "resource_group_name": "F1-Monaco-Track-RG",
            "subnet": [
              {
                "address_prefix": "10.1.1.0/24",
                "id": "/subscriptions/81d87c4b-9aa7-4db6-973a-0bb7c348f163/resourceGroups/F1-Monaco-Track-RG/providers/Microsoft.Network/virtualNetworks/F1-Monaco-Track-RG-VNet/subnets/Trackside-Edge-Subnet",
                "name": "Trackside-Edge-Subnet",
                "security_group": ""
              },
              {
                "address_prefix": "10.1.2.0/24",
                "id": "/subscriptions/81d87c4b-9aa7-4db6-973a-0bb7c348f163/resourceGroups/F1-Monaco-Track-RG/providers/Microsoft.Network/virtualNetworks/F1-Monaco-Track-RG-VNet/subnets/HQ-Database-Subnet",
                "name": "HQ-Database-Subnet",
                "security_group": ""
              },
              {
                "address_prefix": "10.1.3.0/24",
                "id": "/subscriptions/81d87c4b-9aa7-4db6-973a-0bb7c348f163/resourceGroups/F1-Monaco-Track-RG/providers/Microsoft.Network/virtualNetworks/F1-Monaco-Track-RG-VNet/subnets/Pitwall-Analytics-Subnet",
                "name": "Pitwall-Analytics-Subnet",
                "security_group": ""
              },
              {
                "address_prefix": "10.1.4.0/24",
                "id": "/subscriptions/81d87c4b-9aa7-4db6-973a-0bb7c348f163/resourceGroups/F1-Monaco-Track-RG/providers/Microsoft.Network/virtualNetworks/F1-Monaco-Track-RG-VNet/subnets/Garage-IoT-Subnet",
                "name": "Garage-IoT-Subnet",
                "security_group": ""
              }
            ],
            "tags": {},
            "timeouts": null
          },
          "sensitive_attributes": [],
          "identity_schema_version": 0,
          "private": "eyJlMmJmYjczMC1lY2FhLTExZTYtOGY4OC0zNDM2M2JjN2M0YzAiOnsiY3JlYXRlIjoxODAwMDAwMDAwMDAwLCJkZWxldGUiOjE4MDAwMDAwMDAwMDAsInJlYWQiOjMwMDAwMDAwMDAwMCwidXBkYXRlIjoxODAwMDAwMDAwMDAwfX0=",
          "dependencies": [
            "module.monaco_network.azurerm_resource_group.f1_rg"
          ]
        }
      ]
    },
    {
      "module": "module.silverstone_network",
      "mode": "managed",
      "type": "azurerm_network_security_group",
      "name": "trackside_nsg",
      "provider": "provider[\"registry.terraform.io/hashicorp/azurerm\"]",
      "instances": [
        {
          "schema_version": 0,
          "attributes": {
            "id": "/subscriptions/81d87c4b-9aa7-4db6-973a-0bb7c348f163/resourceGroups/F1-Silverstone-Track-RG/providers/Microsoft.Network/networkSecurityGroups/Trackside-NSG",
            "location": "switzerlandnorth",
            "name": "Trackside-NSG",
            "resource_group_name": "F1-Silverstone-Track-RG",
            "security_rule": [
              {
                "access": "Allow",
                "description": "",
                "destination_address_prefix": "*",
                "destination_address_prefixes": [],
                "destination_application_security_group_ids": [],
                "destination_port_range": "80",
                "destination_port_ranges": [],
                "direction": "Inbound",
                "name": "Allow-HTTP",
                "priority": 100,
                "protocol": "Tcp",
                "source_address_prefix": "*",
                "source_address_prefixes": [],
                "source_application_security_group_ids": [],
                "source_port_range": "*",
                "source_port_ranges": []
              }
            ],
            "tags": {},
            "timeouts": null
          },
          "sensitive_attributes": [],
          "identity_schema_version": 0,
          "private": "eyJlMmJmYjczMC1lY2FhLTExZTYtOGY4OC0zNDM2M2JjN2M0YzAiOnsiY3JlYXRlIjoxODAwMDAwMDAwMDAwLCJkZWxldGUiOjE4MDAwMDAwMDAwMDAsInJlYWQiOjMwMDAwMDAwMDAwMCwidXBkYXRlIjoxODAwMDAwMDAwMDAwfX0=",
          "dependencies": [
            "module.silverstone_network.azurerm_resource_group.f1_rg"
          ]
        }
      ]
    },
    {
      "module": "module.silverstone_network",
      "mode": "managed",
      "type": "azurerm_resource_group",
      "name": "f1_rg",
      "provider": "provider[\"registry.terraform.io/hashicorp/azurerm\"]",
      "instances": [
        {
          "schema_version": 0,
          "attributes": {
            "id": "/subscriptions/81d87c4b-9aa7-4db6-973a-0bb7c348f163/resourceGroups/F1-Silverstone-Track-RG",
            "location": "switzerlandnorth",
            "managed_by": "",
            "name": "F1-Silverstone-Track-RG",
            "tags": {},
            "timeouts": null
          },
          "sensitive_attributes": [],
          "identity_schema_version": 0,
          "private": "eyJlMmJmYjczMC1lY2FhLTExZTYtOGY4OC0zNDM2M2JjN2M0YzAiOnsiY3JlYXRlIjo1NDAwMDAwMDAwMDAwLCJkZWxldGUiOjU0MDAwMDAwMDAwMDAsInJlYWQiOjMwMDAwMDAwMDAwMCwidXBkYXRlIjo1NDAwMDAwMDAwMDAwfX0="
        }
      ]
    },
    {
      "module": "module.silverstone_network",
      "mode": "managed",
      "type": "azurerm_route_table",
      "name": "f1_route_table",
      "provider": "provider[\"registry.terraform.io/hashicorp/azurerm\"]",
      "instances": [
        {
          "schema_version": 0,
          "attributes": {
            "bgp_route_propagation_enabled": true,
            "disable_bgp_route_propagation": false,
            "id": "/subscriptions/81d87c4b-9aa7-4db6-973a-0bb7c348f163/resourceGroups/F1-Silverstone-Track-RG/providers/Microsoft.Network/routeTables/F1-Silverstone-Track-RG-RouteTable",
            "location": "switzerlandnorth",
            "name": "F1-Silverstone-Track-RG-RouteTable",
            "resource_group_name": "F1-Silverstone-Track-RG",
            "route": [
              {
                "address_prefix": "0.0.0.0/0",
                "name": "Direct-Internet-Outbound",
                "next_hop_in_ip_address": "",
                "next_hop_type": "Internet"
              }
            ],
            "subnets": [],
            "tags": null,
            "timeouts": null
          },
          "sensitive_attributes": [],
          "identity_schema_version": 0,
          "private": "eyJlMmJmYjczMC1lY2FhLTExZTYtOGY4OC0zNDM2M2JjN2M0YzAiOnsiY3JlYXRlIjoxODAwMDAwMDAwMDAwLCJkZWxldGUiOjE4MDAwMDAwMDAwMDAsInJlYWQiOjMwMDAwMDAwMDAwMCwidXBkYXRlIjoxODAwMDAwMDAwMDAwfX0=",
          "dependencies": [
            "module.silverstone_network.azurerm_resource_group.f1_rg"
          ]
        }
      ]
    },
    {
      "module": "module.silverstone_network",
      "mode": "managed",
      "type": "azurerm_subnet",
      "name": "garage_subnet",
      "provider": "provider[\"registry.terraform.io/hashicorp/azurerm\"]",
      "instances": [
        {
          "schema_version": 0,
          "attributes": {
            "address_prefixes": [
              "10.2.4.0/24"
            ],
            "default_outbound_access_enabled": true,
            "delegation": [],
            "enforce_private_link_endpoint_network_policies": false,
            "enforce_private_link_service_network_policies": false,
            "id": "/subscriptions/81d87c4b-9aa7-4db6-973a-0bb7c348f163/resourceGroups/F1-Silverstone-Track-RG/providers/Microsoft.Network/virtualNetworks/F1-Silverstone-Track-RG-VNet/subnets/Garage-IoT-Subnet",
            "name": "Garage-IoT-Subnet",
            "private_endpoint_network_policies": "Enabled",
            "private_endpoint_network_policies_enabled": true,
            "private_link_service_network_policies_enabled": true,
            "resource_group_name": "F1-Silverstone-Track-RG",
            "service_endpoint_policy_ids": [],
            "service_endpoints": [],
            "timeouts": null,
            "virtual_network_name": "F1-Silverstone-Track-RG-VNet"
          },
          "sensitive_attributes": [],
          "identity_schema_version": 0,
          "private": "eyJlMmJmYjczMC1lY2FhLTExZTYtOGY4OC0zNDM2M2JjN2M0YzAiOnsiY3JlYXRlIjoxODAwMDAwMDAwMDAwLCJkZWxldGUiOjE4MDAwMDAwMDAwMDAsInJlYWQiOjMwMDAwMDAwMDAwMCwidXBkYXRlIjoxODAwMDAwMDAwMDAwfX0=",
          "dependencies": [
            "module.silverstone_network.azurerm_resource_group.f1_rg",
            "module.silverstone_network.azurerm_virtual_network.f1_vnet"
          ]
        }
      ]
    },
    {
      "module": "module.silverstone_network",
      "mode": "managed",
      "type": "azurerm_subnet",
      "name": "hq_subnet",
      "provider": "provider[\"registry.terraform.io/hashicorp/azurerm\"]",
      "instances": [
        {
          "schema_version": 0,
          "attributes": {
            "address_prefixes": [
              "10.2.2.0/24"
            ],
            "default_outbound_access_enabled": true,
            "delegation": [],
            "enforce_private_link_endpoint_network_policies": false,
            "enforce_private_link_service_network_policies": false,
            "id": "/subscriptions/81d87c4b-9aa7-4db6-973a-0bb7c348f163/resourceGroups/F1-Silverstone-Track-RG/providers/Microsoft.Network/virtualNetworks/F1-Silverstone-Track-RG-VNet/subnets/HQ-Database-Subnet",
            "name": "HQ-Database-Subnet",
            "private_endpoint_network_policies": "Enabled",
            "private_endpoint_network_policies_enabled": true,
            "private_link_service_network_policies_enabled": true,
            "resource_group_name": "F1-Silverstone-Track-RG",
            "service_endpoint_policy_ids": [],
            "service_endpoints": [],
            "timeouts": null,
            "virtual_network_name": "F1-Silverstone-Track-RG-VNet"
          },
          "sensitive_attributes": [],
          "identity_schema_version": 0,
          "private": "eyJlMmJmYjczMC1lY2FhLTExZTYtOGY4OC0zNDM2M2JjN2M0YzAiOnsiY3JlYXRlIjoxODAwMDAwMDAwMDAwLCJkZWxldGUiOjE4MDAwMDAwMDAwMDAsInJlYWQiOjMwMDAwMDAwMDAwMCwidXBkYXRlIjoxODAwMDAwMDAwMDAwfX0=",
          "dependencies": [
            "module.silverstone_network.azurerm_resource_group.f1_rg",
            "module.silverstone_network.azurerm_virtual_network.f1_vnet"
          ]
        }
      ]
    },
    {
      "module": "module.silverstone_network",
      "mode": "managed",
      "type": "azurerm_subnet",
      "name": "pitwall_subnet",
      "provider": "provider[\"registry.terraform.io/hashicorp/azurerm\"]",
      "instances": [
        {
          "schema_version": 0,
          "attributes": {
            "address_prefixes": [
              "10.2.3.0/24"
            ],
            "default_outbound_access_enabled": true,
            "delegation": [],
            "enforce_private_link_endpoint_network_policies": false,
            "enforce_private_link_service_network_policies": false,
            "id": "/subscriptions/81d87c4b-9aa7-4db6-973a-0bb7c348f163/resourceGroups/F1-Silverstone-Track-RG/providers/Microsoft.Network/virtualNetworks/F1-Silverstone-Track-RG-VNet/subnets/Pitwall-Analytics-Subnet",
            "name": "Pitwall-Analytics-Subnet",
            "private_endpoint_network_policies": "Enabled",
            "private_endpoint_network_policies_enabled": true,
            "private_link_service_network_policies_enabled": true,
            "resource_group_name": "F1-Silverstone-Track-RG",
            "service_endpoint_policy_ids": [],
            "service_endpoints": [],
            "timeouts": null,
            "virtual_network_name": "F1-Silverstone-Track-RG-VNet"
          },
          "sensitive_attributes": [],
          "identity_schema_version": 0,
          "private": "eyJlMmJmYjczMC1lY2FhLTExZTYtOGY4OC0zNDM2M2JjN2M0YzAiOnsiY3JlYXRlIjoxODAwMDAwMDAwMDAwLCJkZWxldGUiOjE4MDAwMDAwMDAwMDAsInJlYWQiOjMwMDAwMDAwMDAwMCwidXBkYXRlIjoxODAwMDAwMDAwMDAwfX0=",
          "dependencies": [
            "module.silverstone_network.azurerm_resource_group.f1_rg",
            "module.silverstone_network.azurerm_virtual_network.f1_vnet"
          ]
        }
      ]
    },
    {
      "module": "module.silverstone_network",
      "mode": "managed",
      "type": "azurerm_subnet",
      "name": "trackside_subnet",
      "provider": "provider[\"registry.terraform.io/hashicorp/azurerm\"]",
      "instances": [
        {
          "schema_version": 0,
          "attributes": {
            "address_prefixes": [
              "10.2.1.0/24"
            ],
            "default_outbound_access_enabled": true,
            "delegation": [],
            "enforce_private_link_endpoint_network_policies": false,
            "enforce_private_link_service_network_policies": false,
            "id": "/subscriptions/81d87c4b-9aa7-4db6-973a-0bb7c348f163/resourceGroups/F1-Silverstone-Track-RG/providers/Microsoft.Network/virtualNetworks/F1-Silverstone-Track-RG-VNet/subnets/Trackside-Edge-Subnet",
            "name": "Trackside-Edge-Subnet",
            "private_endpoint_network_policies": "Enabled",
            "private_endpoint_network_policies_enabled": true,
            "private_link_service_network_policies_enabled": true,
            "resource_group_name": "F1-Silverstone-Track-RG",
            "service_endpoint_policy_ids": [],
            "service_endpoints": [],
            "timeouts": null,
            "virtual_network_name": "F1-Silverstone-Track-RG-VNet"
          },
          "sensitive_attributes": [],
          "identity_schema_version": 0,
          "private": "eyJlMmJmYjczMC1lY2FhLTExZTYtOGY4OC0zNDM2M2JjN2M0YzAiOnsiY3JlYXRlIjoxODAwMDAwMDAwMDAwLCJkZWxldGUiOjE4MDAwMDAwMDAwMDAsInJlYWQiOjMwMDAwMDAwMDAwMCwidXBkYXRlIjoxODAwMDAwMDAwMDAwfX0=",
          "dependencies": [
            "module.silverstone_network.azurerm_resource_group.f1_rg",
            "module.silverstone_network.azurerm_virtual_network.f1_vnet"
          ]
        }
      ]
    },
    {
      "module": "module.silverstone_network",
      "mode": "managed",
      "type": "azurerm_subnet_route_table_association",
      "name": "trackside_rt_assoc",
      "provider": "provider[\"registry.terraform.io/hashicorp/azurerm\"]",
      "instances": [
        {
          "schema_version": 0,
          "attributes": {
            "id": "/subscriptions/81d87c4b-9aa7-4db6-973a-0bb7c348f163/resourceGroups/F1-Silverstone-Track-RG/providers/Microsoft.Network/virtualNetworks/F1-Silverstone-Track-RG-VNet/subnets/Trackside-Edge-Subnet",
            "route_table_id": "/subscriptions/81d87c4b-9aa7-4db6-973a-0bb7c348f163/resourceGroups/F1-Silverstone-Track-RG/providers/Microsoft.Network/routeTables/F1-Silverstone-Track-RG-RouteTable",
            "subnet_id": "/subscriptions/81d87c4b-9aa7-4db6-973a-0bb7c348f163/resourceGroups/F1-Silverstone-Track-RG/providers/Microsoft.Network/virtualNetworks/F1-Silverstone-Track-RG-VNet/subnets/Trackside-Edge-Subnet",
            "timeouts": null
          },
          "sensitive_attributes": [],
          "identity_schema_version": 0,
          "private": "eyJlMmJmYjczMC1lY2FhLTExZTYtOGY4OC0zNDM2M2JjN2M0YzAiOnsiY3JlYXRlIjoxODAwMDAwMDAwMDAwLCJkZWxldGUiOjE4MDAwMDAwMDAwMDAsInJlYWQiOjMwMDAwMDAwMDAwMH19",
          "dependencies": [
            "module.silverstone_network.azurerm_resource_group.f1_rg",
            "module.silverstone_network.azurerm_route_table.f1_route_table",
            "module.silverstone_network.azurerm_subnet.trackside_subnet",
            "module.silverstone_network.azurerm_virtual_network.f1_vnet"
          ]
        }
      ]
    },
    {
      "module": "module.silverstone_network",
      "mode": "managed",
      "type": "azurerm_virtual_network",
      "name": "f1_vnet",
      "provider": "provider[\"registry.terraform.io/hashicorp/azurerm\"]",
      "instances": [
        {
          "schema_version": 0,
          "attributes": {
            "address_space": [
              "10.2.0.0/16"
            ],
            "bgp_community": "",
            "ddos_protection_plan": [],
            "dns_servers": [],
            "edge_zone": "",
            "encryption": [],
            "flow_timeout_in_minutes": 0,
            "guid": "893d9e09-d7ad-4358-9125-818642697757",
            "id": "/subscriptions/81d87c4b-9aa7-4db6-973a-0bb7c348f163/resourceGroups/F1-Silverstone-Track-RG/providers/Microsoft.Network/virtualNetworks/F1-Silverstone-Track-RG-VNet",
            "location": "switzerlandnorth",
            "name": "F1-Silverstone-Track-RG-VNet",
            "resource_group_name": "F1-Silverstone-Track-RG",
            "subnet": [
              {
                "address_prefix": "10.2.1.0/24",
                "id": "/subscriptions/81d87c4b-9aa7-4db6-973a-0bb7c348f163/resourceGroups/F1-Silverstone-Track-RG/providers/Microsoft.Network/virtualNetworks/F1-Silverstone-Track-RG-VNet/subnets/Trackside-Edge-Subnet",
                "name": "Trackside-Edge-Subnet",
                "security_group": ""
              },
              {
                "address_prefix": "10.2.2.0/24",
                "id": "/subscriptions/81d87c4b-9aa7-4db6-973a-0bb7c348f163/resourceGroups/F1-Silverstone-Track-RG/providers/Microsoft.Network/virtualNetworks/F1-Silverstone-Track-RG-VNet/subnets/HQ-Database-Subnet",
                "name": "HQ-Database-Subnet",
                "security_group": ""
              },
              {
                "address_prefix": "10.2.3.0/24",
                "id": "/subscriptions/81d87c4b-9aa7-4db6-973a-0bb7c348f163/resourceGroups/F1-Silverstone-Track-RG/providers/Microsoft.Network/virtualNetworks/F1-Silverstone-Track-RG-VNet/subnets/Pitwall-Analytics-Subnet",
                "name": "Pitwall-Analytics-Subnet",
                "security_group": ""
              },
              {
                "address_prefix": "10.2.4.0/24",
                "id": "/subscriptions/81d87c4b-9aa7-4db6-973a-0bb7c348f163/resourceGroups/F1-Silverstone-Track-RG/providers/Microsoft.Network/virtualNetworks/F1-Silverstone-Track-RG-VNet/subnets/Garage-IoT-Subnet",
                "name": "Garage-IoT-Subnet",
                "security_group": ""
              }
            ],
            "tags": {},
            "timeouts": null
          },
          "sensitive_attributes": [],
          "identity_schema_version": 0,
          "private": "eyJlMmJmYjczMC1lY2FhLTExZTYtOGY4OC0zNDM2M2JjN2M0YzAiOnsiY3JlYXRlIjoxODAwMDAwMDAwMDAwLCJkZWxldGUiOjE4MDAwMDAwMDAwMDAsInJlYWQiOjMwMDAwMDAwMDAwMCwidXBkYXRlIjoxODAwMDAwMDAwMDAwfX0=",
          "dependencies": [
            "module.silverstone_network.azurerm_resource_group.f1_rg"
          ]
        }
      ]
    }
  ],
  "check_results": null
}
