{
  "version": 4,
  "terraform_version": "1.14.3",
  "serial": 21,
  "lineage": "ebc58c34-4841-ead9-d84a-7652e497ffed",
  "outputs": {},
  "resources": [
    {
      "mode": "managed",
      "type": "azurerm_linux_virtual_machine",
      "name": "ana_sunucu",
      "provider": "provider[\"registry.terraform.io/hashicorp/azurerm\"]",
      "instances": [
        {
          "schema_version": 0,
          "attributes": {
            "additional_capabilities": [],
            "admin_password": "Formula1-2026-Yaris!",
            "admin_ssh_key": [],
            "admin_username": "f1admin",
            "allow_extension_operations": true,
            "availability_set_id": "",
            "boot_diagnostics": [],
            "bypass_platform_safety_checks_on_user_schedule_enabled": false,
            "capacity_reservation_group_id": "",
            "computer_name": "F1-Telemetry-Server",
            "custom_data": null,
            "dedicated_host_group_id": "",
            "dedicated_host_id": "",
            "disable_password_authentication": false,
            "disk_controller_type": "",
            "edge_zone": "",
            "encryption_at_host_enabled": false,
            "eviction_policy": "",
            "extensions_time_budget": "PT1H30M",
            "gallery_application": [],
            "id": "/subscriptions/81d87c4b-9aa7-4db6-973a-0bb7c348f163/resourceGroups/Terraform-RG/providers/Microsoft.Compute/virtualMachines/F1-Telemetry-Server",
            "identity": [],
            "license_type": "",
            "location": "francecentral",
            "max_bid_price": -1,
            "name": "F1-Telemetry-Server",
            "network_interface_ids": [
              "/subscriptions/81d87c4b-9aa7-4db6-973a-0bb7c348f163/resourceGroups/Terraform-RG/providers/Microsoft.Network/networkInterfaces/F1-Sunucu-NIC"
            ],
            "os_disk": [
              {
                "caching": "ReadWrite",
                "diff_disk_settings": [],
                "disk_encryption_set_id": "",
                "disk_size_gb": 30,
                "name": "F1-Telemetry-Server_OsDisk_1_8da3914a17b54142a576186ab9885291",
                "secure_vm_disk_encryption_set_id": "",
                "security_encryption_type": "",
                "storage_account_type": "Standard_LRS",
                "write_accelerator_enabled": false
              }
            ],
            "os_image_notification": [],
            "patch_assessment_mode": "ImageDefault",
            "patch_mode": "ImageDefault",
            "plan": [],
            "platform_fault_domain": -1,
            "priority": "Regular",
            "private_ip_address": "10.0.1.4",
            "private_ip_addresses": [
              "10.0.1.4"
            ],
            "provision_vm_agent": true,
            "proximity_placement_group_id": "",
            "public_ip_address": "4.178.76.231",
            "public_ip_addresses": [
              "4.178.76.231"
            ],
            "reboot_setting": "",
            "resource_group_name": "Terraform-RG",
            "secret": [],
            "secure_boot_enabled": false,
            "size": "Standard_B1s",
            "source_image_id": "",
            "source_image_reference": [
              {
                "offer": "0001-com-ubuntu-server-jammy",
                "publisher": "Canonical",
                "sku": "22_04-lts",
                "version": "latest"
              }
            ],
            "tags": {},
            "termination_notification": [],
            "timeouts": null,
            "user_data": "",
            "virtual_machine_id": "2571d9ca-69fb-4c7c-8c97-ef4bcdb10440",
            "virtual_machine_scale_set_id": "",
            "vm_agent_platform_updates_enabled": false,
            "vtpm_enabled": false,
            "zone": ""
          },
          "sensitive_attributes": [
            [
              {
                "type": "get_attr",
                "value": "admin_password"
              }
            ],
            [
              {
                "type": "get_attr",
                "value": "custom_data"
              }
            ]
          ],
          "identity_schema_version": 0,
          "private": "eyJlMmJmYjczMC1lY2FhLTExZTYtOGY4OC0zNDM2M2JjN2M0YzAiOnsiY3JlYXRlIjoyNzAwMDAwMDAwMDAwLCJkZWxldGUiOjI3MDAwMDAwMDAwMDAsInJlYWQiOjMwMDAwMDAwMDAwMCwidXBkYXRlIjoyNzAwMDAwMDAwMDAwfX0=",
          "dependencies": [
            "azurerm_network_interface.sunucu_nic",
            "azurerm_public_ip.sunucu_ip",
            "azurerm_resource_group.ilk_grubum",
            "azurerm_subnet.web_subneti",
            "azurerm_virtual_network.ana_ag"
          ]
        }
      ]
    },
    {
      "mode": "managed",
      "type": "azurerm_network_interface",
      "name": "sunucu_nic",
      "provider": "provider[\"registry.terraform.io/hashicorp/azurerm\"]",
      "instances": [
        {
          "schema_version": 0,
          "attributes": {
            "accelerated_networking_enabled": false,
            "applied_dns_servers": [],
            "auxiliary_mode": "",
            "auxiliary_sku": "",
            "dns_servers": [],
            "edge_zone": "",
            "enable_accelerated_networking": false,
            "enable_ip_forwarding": false,
            "id": "/subscriptions/81d87c4b-9aa7-4db6-973a-0bb7c348f163/resourceGroups/Terraform-RG/providers/Microsoft.Network/networkInterfaces/F1-Sunucu-NIC",
            "internal_dns_name_label": "",
            "internal_domain_name_suffix": "nmtgw1rrqtwexglnwcl4gy2gzc.parx.internal.cloudapp.net",
            "ip_configuration": [
              {
                "gateway_load_balancer_frontend_ip_configuration_id": "",
                "name": "internal",
                "primary": true,
                "private_ip_address": "10.0.1.4",
                "private_ip_address_allocation": "Dynamic",
                "private_ip_address_version": "IPv4",
                "public_ip_address_id": "/subscriptions/81d87c4b-9aa7-4db6-973a-0bb7c348f163/resourceGroups/Terraform-RG/providers/Microsoft.Network/publicIPAddresses/F1-Sunucu-IP",
                "subnet_id": "/subscriptions/81d87c4b-9aa7-4db6-973a-0bb7c348f163/resourceGroups/Terraform-RG/providers/Microsoft.Network/virtualNetworks/F1-Production-VNet/subnets/Web-Servers-Subnet"
              }
            ],
            "ip_forwarding_enabled": false,
            "location": "francecentral",
            "mac_address": "7C-ED-8D-6C-F0-53",
            "name": "F1-Sunucu-NIC",
            "private_ip_address": "10.0.1.4",
            "private_ip_addresses": [
              "10.0.1.4"
            ],
            "resource_group_name": "Terraform-RG",
            "tags": {},
            "timeouts": null,
            "virtual_machine_id": "/subscriptions/81d87c4b-9aa7-4db6-973a-0bb7c348f163/resourceGroups/Terraform-RG/providers/Microsoft.Compute/virtualMachines/F1-Telemetry-Server"
          },
          "sensitive_attributes": [],
          "identity_schema_version": 0,
          "private": "eyJlMmJmYjczMC1lY2FhLTExZTYtOGY4OC0zNDM2M2JjN2M0YzAiOnsiY3JlYXRlIjoxODAwMDAwMDAwMDAwLCJkZWxldGUiOjE4MDAwMDAwMDAwMDAsInJlYWQiOjMwMDAwMDAwMDAwMCwidXBkYXRlIjoxODAwMDAwMDAwMDAwfX0=",
          "dependencies": [
            "azurerm_public_ip.sunucu_ip",
            "azurerm_resource_group.ilk_grubum",
            "azurerm_subnet.web_subneti",
            "azurerm_virtual_network.ana_ag"
          ]
        }
      ]
    },
    {
      "mode": "managed",
      "type": "azurerm_network_security_group",
      "name": "guvenlik_duvari",
      "provider": "provider[\"registry.terraform.io/hashicorp/azurerm\"]",
      "instances": [
        {
          "schema_version": 0,
          "attributes": {
            "id": "/subscriptions/81d87c4b-9aa7-4db6-973a-0bb7c348f163/resourceGroups/Terraform-RG/providers/Microsoft.Network/networkSecurityGroups/F1-Security-Group",
            "location": "francecentral",
            "name": "F1-Security-Group",
            "resource_group_name": "Terraform-RG",
            "security_rule": [
              {
                "access": "Allow",
                "description": "",
                "destination_address_prefix": "*",
                "destination_address_prefixes": [],
                "destination_application_security_group_ids": [],
                "destination_port_range": "80",
                "destination_port_ranges": [],
                "direction": "Inbound",
                "name": "Web-Sitesi-Izni",
                "priority": 110,
                "protocol": "Tcp",
                "source_address_prefix": "*",
                "source_address_prefixes": [],
                "source_application_security_group_ids": [],
                "source_port_range": "*",
                "source_port_ranges": []
              },
              {
                "access": "Allow",
                "description": null,
                "destination_address_prefix": "*",
                "destination_address_prefixes": [],
                "destination_application_security_group_ids": [],
                "destination_port_range": "22",
                "destination_port_ranges": [],
                "direction": "Inbound",
                "name": "SSH-Izni",
                "priority": 100,
                "protocol": "Tcp",
                "source_address_prefix": "*",
                "source_address_prefixes": [],
                "source_application_security_group_ids": [],
                "source_port_range": "*",
                "source_port_ranges": []
              }
            ],
            "tags": {},
            "timeouts": null
          },
          "sensitive_attributes": [],
          "identity_schema_version": 0,
          "private": "eyJlMmJmYjczMC1lY2FhLTExZTYtOGY4OC0zNDM2M2JjN2M0YzAiOnsiY3JlYXRlIjoxODAwMDAwMDAwMDAwLCJkZWxldGUiOjE4MDAwMDAwMDAwMDAsInJlYWQiOjMwMDAwMDAwMDAwMCwidXBkYXRlIjoxODAwMDAwMDAwMDAwfX0=",
          "dependencies": [
            "azurerm_resource_group.ilk_grubum"
          ]
        }
      ]
    },
    {
      "mode": "managed",
      "type": "azurerm_public_ip",
      "name": "sunucu_ip",
      "provider": "provider[\"registry.terraform.io/hashicorp/azurerm\"]",
      "instances": [
        {
          "schema_version": 0,
          "attributes": {
            "allocation_method": "Dynamic",
            "ddos_protection_mode": "VirtualNetworkInherited",
            "ddos_protection_plan_id": null,
            "domain_name_label": null,
            "edge_zone": "",
            "fqdn": null,
            "id": "/subscriptions/81d87c4b-9aa7-4db6-973a-0bb7c348f163/resourceGroups/Terraform-RG/providers/Microsoft.Network/publicIPAddresses/F1-Sunucu-IP",
            "idle_timeout_in_minutes": 4,
            "ip_address": "4.178.76.231",
            "ip_tags": {},
            "ip_version": "IPv4",
            "location": "francecentral",
            "name": "F1-Sunucu-IP",
            "public_ip_prefix_id": null,
            "resource_group_name": "Terraform-RG",
            "reverse_fqdn": null,
            "sku": "Basic",
            "sku_tier": "Regional",
            "tags": {},
            "timeouts": null,
            "zones": []
          },
          "sensitive_attributes": [],
          "identity_schema_version": 0,
          "private": "eyJlMmJmYjczMC1lY2FhLTExZTYtOGY4OC0zNDM2M2JjN2M0YzAiOnsiY3JlYXRlIjoxODAwMDAwMDAwMDAwLCJkZWxldGUiOjE4MDAwMDAwMDAwMDAsInJlYWQiOjMwMDAwMDAwMDAwMCwidXBkYXRlIjoxODAwMDAwMDAwMDAwfX0=",
          "dependencies": [
            "azurerm_resource_group.ilk_grubum"
          ]
        }
      ]
    },
    {
      "mode": "managed",
      "type": "azurerm_resource_group",
      "name": "ilk_grubum",
      "provider": "provider[\"registry.terraform.io/hashicorp/azurerm\"]",
      "instances": [
        {
          "schema_version": 0,
          "attributes": {
            "id": "/subscriptions/81d87c4b-9aa7-4db6-973a-0bb7c348f163/resourceGroups/Terraform-RG",
            "location": "francecentral",
            "managed_by": "",
            "name": "Terraform-RG",
            "tags": {},
            "timeouts": null
          },
          "sensitive_attributes": [],
          "identity_schema_version": 0,
          "private": "eyJlMmJmYjczMC1lY2FhLTExZTYtOGY4OC0zNDM2M2JjN2M0YzAiOnsiY3JlYXRlIjo1NDAwMDAwMDAwMDAwLCJkZWxldGUiOjU0MDAwMDAwMDAwMDAsInJlYWQiOjMwMDAwMDAwMDAwMCwidXBkYXRlIjo1NDAwMDAwMDAwMDAwfX0="
        }
      ]
    },
    {
      "mode": "managed",
      "type": "azurerm_subnet",
      "name": "web_subneti",
      "provider": "provider[\"registry.terraform.io/hashicorp/azurerm\"]",
      "instances": [
        {
          "schema_version": 0,
          "attributes": {
            "address_prefixes": [
              "10.0.1.0/24"
            ],
            "default_outbound_access_enabled": true,
            "delegation": [],
            "enforce_private_link_endpoint_network_policies": false,
            "enforce_private_link_service_network_policies": false,
            "id": "/subscriptions/81d87c4b-9aa7-4db6-973a-0bb7c348f163/resourceGroups/Terraform-RG/providers/Microsoft.Network/virtualNetworks/F1-Production-VNet/subnets/Web-Servers-Subnet",
            "name": "Web-Servers-Subnet",
            "private_endpoint_network_policies": "Enabled",
            "private_endpoint_network_policies_enabled": true,
            "private_link_service_network_policies_enabled": true,
            "resource_group_name": "Terraform-RG",
            "service_endpoint_policy_ids": [],
            "service_endpoints": [],
            "timeouts": null,
            "virtual_network_name": "F1-Production-VNet"
          },
          "sensitive_attributes": [],
          "identity_schema_version": 0,
          "private": "eyJlMmJmYjczMC1lY2FhLTExZTYtOGY4OC0zNDM2M2JjN2M0YzAiOnsiY3JlYXRlIjoxODAwMDAwMDAwMDAwLCJkZWxldGUiOjE4MDAwMDAwMDAwMDAsInJlYWQiOjMwMDAwMDAwMDAwMCwidXBkYXRlIjoxODAwMDAwMDAwMDAwfX0=",
          "dependencies": [
            "azurerm_resource_group.ilk_grubum",
            "azurerm_virtual_network.ana_ag"
          ]
        }
      ]
    },
    {
      "mode": "managed",
      "type": "azurerm_subnet_network_security_group_association",
      "name": "baglanti",
      "provider": "provider[\"registry.terraform.io/hashicorp/azurerm\"]",
      "instances": [
        {
          "schema_version": 0,
          "attributes": {
            "id": "/subscriptions/81d87c4b-9aa7-4db6-973a-0bb7c348f163/resourceGroups/Terraform-RG/providers/Microsoft.Network/virtualNetworks/F1-Production-VNet/subnets/Web-Servers-Subnet",
            "network_security_group_id": "/subscriptions/81d87c4b-9aa7-4db6-973a-0bb7c348f163/resourceGroups/Terraform-RG/providers/Microsoft.Network/networkSecurityGroups/F1-Security-Group",
            "subnet_id": "/subscriptions/81d87c4b-9aa7-4db6-973a-0bb7c348f163/resourceGroups/Terraform-RG/providers/Microsoft.Network/virtualNetworks/F1-Production-VNet/subnets/Web-Servers-Subnet",
            "timeouts": null
          },
          "sensitive_attributes": [],
          "identity_schema_version": 0,
          "private": "eyJlMmJmYjczMC1lY2FhLTExZTYtOGY4OC0zNDM2M2JjN2M0YzAiOnsiY3JlYXRlIjoxODAwMDAwMDAwMDAwLCJkZWxldGUiOjE4MDAwMDAwMDAwMDAsInJlYWQiOjMwMDAwMDAwMDAwMH19",
          "dependencies": [
            "azurerm_network_security_group.guvenlik_duvari",
            "azurerm_resource_group.ilk_grubum",
            "azurerm_subnet.web_subneti",
            "azurerm_virtual_network.ana_ag"
          ]
        }
      ]
    },
    {
      "mode": "managed",
      "type": "azurerm_virtual_network",
      "name": "ana_ag",
      "provider": "provider[\"registry.terraform.io/hashicorp/azurerm\"]",
      "instances": [
        {
          "schema_version": 0,
          "attributes": {
            "address_space": [
              "10.0.0.0/16"
            ],
            "bgp_community": "",
            "ddos_protection_plan": [],
            "dns_servers": [],
            "edge_zone": "",
            "encryption": [],
            "flow_timeout_in_minutes": 0,
            "guid": "6e6b266b-8431-4bec-996d-b097e36386ca",
            "id": "/subscriptions/81d87c4b-9aa7-4db6-973a-0bb7c348f163/resourceGroups/Terraform-RG/providers/Microsoft.Network/virtualNetworks/F1-Production-VNet",
            "location": "francecentral",
            "name": "F1-Production-VNet",
            "resource_group_name": "Terraform-RG",
            "subnet": [
              {
                "address_prefix": "10.0.1.0/24",
                "id": "/subscriptions/81d87c4b-9aa7-4db6-973a-0bb7c348f163/resourceGroups/Terraform-RG/providers/Microsoft.Network/virtualNetworks/F1-Production-VNet/subnets/Web-Servers-Subnet",
                "name": "Web-Servers-Subnet",
                "security_group": "/subscriptions/81d87c4b-9aa7-4db6-973a-0bb7c348f163/resourceGroups/Terraform-RG/providers/Microsoft.Network/networkSecurityGroups/F1-Security-Group"
              }
            ],
            "tags": {},
            "timeouts": null
          },
          "sensitive_attributes": [],
          "identity_schema_version": 0,
          "private": "eyJlMmJmYjczMC1lY2FhLTExZTYtOGY4OC0zNDM2M2JjN2M0YzAiOnsiY3JlYXRlIjoxODAwMDAwMDAwMDAwLCJkZWxldGUiOjE4MDAwMDAwMDAwMDAsInJlYWQiOjMwMDAwMDAwMDAwMCwidXBkYXRlIjoxODAwMDAwMDAwMDAwfX0=",
          "dependencies": [
            "azurerm_resource_group.ilk_grubum"
          ]
        }
      ]
    }
  ],
  "check_results": null
}
